
Microsoft Visual Studio Solution File, Format Version 12.00
# Visual Studio Version 16
VisualStudioVersion = 16.0.30717.126
MinimumVisualStudioVersion = 10.0.40219.1
Project("{FAE04EC0-301F-11D3-BF4B-00C04F79EFBC}") = "SendCommands", "SendCommands\SendCommands.csproj", "{66D2A51A-66A2-4448-BACF-4BC669AF44E0}"
EndProject
Project("{54435603-DBB4-11D2-8724-00A0C9A8B90C}") = "SendCommandsSetup", "SendCommandsSetup\SendCommandsSetup.vdproj", "{49A031EB-652E-40A3-BE88-24B26E838794}"
EndProject
Global
	GlobalSection(SolutionConfigurationPlatforms) = preSolution
		Debug|Any CPU = Debug|Any CPU
		Release|Any CPU = Release|Any CPU
	EndGlobalSection
	GlobalSection(ProjectConfigurationPlatforms) = postSolution
		{66D2A51A-66A2-4448-BACF-4BC669AF44E0}.Debug|Any CPU.ActiveCfg = Debug|Any CPU
		{66D2A51A-66A2-4448-BACF-4BC669AF44E0}.Debug|Any CPU.Build.0 = Debug|Any CPU
		{66D2A51A-66A2-4448-BACF-4BC669AF44E0}.Release|Any CPU.ActiveCfg = Release|Any CPU
		{66D2A51A-66A2-4448-BACF-4BC669AF44E0}.Release|Any CPU.Build.0 = Release|Any CPU
		{49A031EB-652E-40A3-BE88-24B26E838794}.Debug|Any CPU.ActiveCfg = Debug
		{49A031EB-652E-40A3-BE88-24B26E838794}.Debug|Any CPU.Build.0 = Debug
		{49A031EB-652E-40A3-BE88-24B26E838794}.Release|Any CPU.ActiveCfg = Release
	EndGlobalSection
	GlobalSection(SolutionProperties) = preSolution
		HideSolutionNode = FALSE
	EndGlobalSection
	GlobalSection(ExtensibilityGlobals) = postSolution
		SolutionGuid = {A9FBA60A-364E-4848-A6D9-B56B2E392879}
	EndGlobalSection
EndGlobal
